
Microsoft Visual Studio Solution File, Format Version 12.00
# Visual Studio Version 16
VisualStudioVersion = 16.0.31605.320
MinimumVisualStudioVersion = 10.0.40219.1
Project("{FAE04EC0-301F-11D3-BF4B-00C04F79EFBC}") = "CsInterpreter", "CsInterpreter\CsInterpreter.csproj", "{6DF0310F-1253-4E99-8772-67E8A387CB03}"
EndProject
Global
	GlobalSection(SolutionConfigurationPlatforms) = preSolution
		Debug|Any CPU = Debug|Any CPU
		Release|Any CPU = Release|Any CPU
	EndGlobalSection
	GlobalSection(ProjectConfigurationPlatforms) = postSolution
		{6DF0310F-1253-4E99-8772-67E8A387CB03}.Debug|Any CPU.ActiveCfg = Debug|Any CPU
		{6DF0310F-1253-4E99-8772-67E8A387CB03}.Debug|Any CPU.Build.0 = Debug|Any CPU
		{6DF0310F-1253-4E99-8772-67E8A387CB03}.Release|Any CPU.ActiveCfg = Release|Any CPU
		{6DF0310F-1253-4E99-8772-67E8A387CB03}.Release|Any CPU.Build.0 = Release|Any CPU
	EndGlobalSection
	GlobalSection(SolutionProperties) = preSolution
		HideSolutionNode = FALSE
	EndGlobalSection
	GlobalSection(ExtensibilityGlobals) = postSolution
		SolutionGuid = {219808BF-4D4D-4C4F-AD63-FF45EF564B57}
	EndGlobalSection
EndGlobal
